
Microsoft Visual Studio Solution File, Format Version 12.00
# Visual Studio Version 17
VisualStudioVersion = 17.9.34714.143
MinimumVisualStudioVersion = 10.0.40219.1
Project("{FAE04EC0-301F-11D3-BF4B-00C04F79EFBC}") = "Endpoint", "GlazierASP\Endpoint.csproj", "{D711EDDF-DC49-40D7-B4E2-0CC1CA78CC1E}"
EndProject
Project("{FAE04EC0-301F-11D3-BF4B-00C04F79EFBC}") = "Database", "Database\Database.csproj", "{2599E766-F597-4B74-8DB7-773C2B54362D}"
EndProject
Project("{FAE04EC0-301F-11D3-BF4B-00C04F79EFBC}") = "Logic", "Logic\Logic.csproj", "{88CCFF9F-D13C-41F8-B273-36E42E765D1D}"
EndProject
Project("{FAE04EC0-301F-11D3-BF4B-00C04F79EFBC}") = "Entities", "Entities\Entities.csproj", "{1EEBA2C2-FA5A-468E-94CE-2A6E586E0550}"
EndProject
Global
	GlobalSection(SolutionConfigurationPlatforms) = preSolution
		Debug|Any CPU = Debug|Any CPU
		Release|Any CPU = Release|Any CPU
	EndGlobalSection
	GlobalSection(ProjectConfigurationPlatforms) = postSolution
		{D711EDDF-DC49-40D7-B4E2-0CC1CA78CC1E}.Debug|Any CPU.ActiveCfg = Debug|Any CPU
		{D711EDDF-DC49-40D7-B4E2-0CC1CA78CC1E}.Debug|Any CPU.Build.0 = Debug|Any CPU
		{D711EDDF-DC49-40D7-B4E2-0CC1CA78CC1E}.Release|Any CPU.ActiveCfg = Release|Any CPU
		{D711EDDF-DC49-40D7-B4E2-0CC1CA78CC1E}.Release|Any CPU.Build.0 = Release|Any CPU
		{2599E766-F597-4B74-8DB7-773C2B54362D}.Debug|Any CPU.ActiveCfg = Debug|Any CPU
		{2599E766-F597-4B74-8DB7-773C2B54362D}.Debug|Any CPU.Build.0 = Debug|Any CPU
		{2599E766-F597-4B74-8DB7-773C2B54362D}.Release|Any CPU.ActiveCfg = Release|Any CPU
		{2599E766-F597-4B74-8DB7-773C2B54362D}.Release|Any CPU.Build.0 = Release|Any CPU
		{88CCFF9F-D13C-41F8-B273-36E42E765D1D}.Debug|Any CPU.ActiveCfg = Debug|Any CPU
		{88CCFF9F-D13C-41F8-B273-36E42E765D1D}.Debug|Any CPU.Build.0 = Debug|Any CPU
		{88CCFF9F-D13C-41F8-B273-36E42E765D1D}.Release|Any CPU.ActiveCfg = Release|Any CPU
		{88CCFF9F-D13C-41F8-B273-36E42E765D1D}.Release|Any CPU.Build.0 = Release|Any CPU
		{1EEBA2C2-FA5A-468E-94CE-2A6E586E0550}.Debug|Any CPU.ActiveCfg = Debug|Any CPU
		{1EEBA2C2-FA5A-468E-94CE-2A6E586E0550}.Debug|Any CPU.Build.0 = Debug|Any CPU
		{1EEBA2C2-FA5A-468E-94CE-2A6E586E0550}.Release|Any CPU.ActiveCfg = Release|Any CPU
		{1EEBA2C2-FA5A-468E-94CE-2A6E586E0550}.Release|Any CPU.Build.0 = Release|Any CPU
	EndGlobalSection
	GlobalSection(SolutionProperties) = preSolution
		HideSolutionNode = FALSE
	EndGlobalSection
	GlobalSection(ExtensibilityGlobals) = postSolution
		SolutionGuid = {18E053E5-D6AF-47FE-A27A-B859DD2D3B39}
	EndGlobalSection
EndGlobal
